
Microsoft Visual Studio Solution File, Format Version 12.00
# Visual Studio Version 16
VisualStudioVersion = 16.0.28803.352
MinimumVisualStudioVersion = 10.0.40219.1
Project("{FAE04EC0-301F-11D3-BF4B-00C04F79EFBC}") = "ParallelMergeSort", "ParallelMergeSort\ParallelMergeSort.csproj", "{A915510B-4882-478F-B04C-7B2D4A3ABF9D}"
EndProject
Global
	GlobalSection(SolutionConfigurationPlatforms) = preSolution
		Debug|Any CPU = Debug|Any CPU
		Release|Any CPU = Release|Any CPU
	EndGlobalSection
	GlobalSection(ProjectConfigurationPlatforms) = postSolution
		{A915510B-4882-478F-B04C-7B2D4A3ABF9D}.Debug|Any CPU.ActiveCfg = Debug|Any CPU
		{A915510B-4882-478F-B04C-7B2D4A3ABF9D}.Debug|Any CPU.Build.0 = Debug|Any CPU
		{A915510B-4882-478F-B04C-7B2D4A3ABF9D}.Release|Any CPU.ActiveCfg = Release|Any CPU
		{A915510B-4882-478F-B04C-7B2D4A3ABF9D}.Release|Any CPU.Build.0 = Release|Any CPU
	EndGlobalSection
	GlobalSection(SolutionProperties) = preSolution
		HideSolutionNode = FALSE
	EndGlobalSection
	GlobalSection(ExtensibilityGlobals) = postSolution
		SolutionGuid = {B9B622ED-A09D-4946-9714-8336CD431A01}
	EndGlobalSection
EndGlobal
